
Microsoft Visual Studio Solution File, Format Version 12.00
# Visual Studio Version 16
VisualStudioVersion = 16.0.29418.71
MinimumVisualStudioVersion = 10.0.40219.1
Project("{FAE04EC0-301F-11D3-BF4B-00C04F79EFBC}") = "WpfApp6", "WpfApp6\WpfApp6.csproj", "{E76F6BC5-D8EB-467D-826C-35C3078B3F51}"
EndProject
Global
	GlobalSection(SolutionConfigurationPlatforms) = preSolution
		Debug|Any CPU = Debug|Any CPU
		Release|Any CPU = Release|Any CPU
	EndGlobalSection
	GlobalSection(ProjectConfigurationPlatforms) = postSolution
		{E76F6BC5-D8EB-467D-826C-35C3078B3F51}.Debug|Any CPU.ActiveCfg = Debug|Any CPU
		{E76F6BC5-D8EB-467D-826C-35C3078B3F51}.Debug|Any CPU.Build.0 = Debug|Any CPU
		{E76F6BC5-D8EB-467D-826C-35C3078B3F51}.Release|Any CPU.ActiveCfg = Release|Any CPU
		{E76F6BC5-D8EB-467D-826C-35C3078B3F51}.Release|Any CPU.Build.0 = Release|Any CPU
	EndGlobalSection
	GlobalSection(SolutionProperties) = preSolution
		HideSolutionNode = FALSE
	EndGlobalSection
	GlobalSection(ExtensibilityGlobals) = postSolution
		SolutionGuid = {56111C96-D95F-4C58-96B0-7DDCD12687EC}
	EndGlobalSection
EndGlobal
